
Microsoft Visual Studio Solution File, Format Version 12.00
# Visual Studio Version 17
VisualStudioVersion = 17.7.34202.233
MinimumVisualStudioVersion = 10.0.40219.1
Project("{FAE04EC0-301F-11D3-BF4B-00C04F79EFBC}") = "Lab3MVC", "Lab3MVC\Lab3MVC.csproj", "{65F26013-50E0-4F6C-A126-F4A49F1F3EF3}"
EndProject
Global
	GlobalSection(SolutionConfigurationPlatforms) = preSolution
		Debug|Any CPU = Debug|Any CPU
		Release|Any CPU = Release|Any CPU
	EndGlobalSection
	GlobalSection(ProjectConfigurationPlatforms) = postSolution
		{65F26013-50E0-4F6C-A126-F4A49F1F3EF3}.Debug|Any CPU.ActiveCfg = Debug|Any CPU
		{65F26013-50E0-4F6C-A126-F4A49F1F3EF3}.Debug|Any CPU.Build.0 = Debug|Any CPU
		{65F26013-50E0-4F6C-A126-F4A49F1F3EF3}.Release|Any CPU.ActiveCfg = Release|Any CPU
		{65F26013-50E0-4F6C-A126-F4A49F1F3EF3}.Release|Any CPU.Build.0 = Release|Any CPU
	EndGlobalSection
	GlobalSection(SolutionProperties) = preSolution
		HideSolutionNode = FALSE
	EndGlobalSection
	GlobalSection(ExtensibilityGlobals) = postSolution
		SolutionGuid = {4337612B-B0F7-424F-A713-40814901D772}
	EndGlobalSection
EndGlobal
